{
    "_meta": {
        "hash": {
            "sha256": "3f1ddac90ab69d026104cf4935a11a5e95e097b246f1bcc5fdc0252fcff273fc"
        },
        "pipfile-spec": 6,
        "requires": {
            "python_version": "3.12"
        },
        "sources": [
            {
                "url": "https://pypi.org/simple",
                "verify_ssl": true
            }
        ]
    },
    "default": {},
    "develop": {}
}
